
Microsoft Visual Studio Solution File, Format Version 12.00
# Visual Studio Version 16
VisualStudioVersion = 16.0.31624.102
MinimumVisualStudioVersion = 10.0.40219.1
Project("{FAE04EC0-301F-11D3-BF4B-00C04F79EFBC}") = "Developer", "Developer\Developer.csproj", "{4D141139-C2C0-46DE-AB3F-15993218F09C}"
EndProject
Global
	GlobalSection(SolutionConfigurationPlatforms) = preSolution
		Debug|Any CPU = Debug|Any CPU
		Release|Any CPU = Release|Any CPU
	EndGlobalSection
	GlobalSection(ProjectConfigurationPlatforms) = postSolution
		{4D141139-C2C0-46DE-AB3F-15993218F09C}.Debug|Any CPU.ActiveCfg = Debug|Any CPU
		{4D141139-C2C0-46DE-AB3F-15993218F09C}.Debug|Any CPU.Build.0 = Debug|Any CPU
		{4D141139-C2C0-46DE-AB3F-15993218F09C}.Release|Any CPU.ActiveCfg = Release|Any CPU
		{4D141139-C2C0-46DE-AB3F-15993218F09C}.Release|Any CPU.Build.0 = Release|Any CPU
	EndGlobalSection
	GlobalSection(SolutionProperties) = preSolution
		HideSolutionNode = FALSE
	EndGlobalSection
	GlobalSection(ExtensibilityGlobals) = postSolution
		SolutionGuid = {A6EC67FB-BBF8-40BF-A0FD-B71EFC9DF364}
	EndGlobalSection
EndGlobal
